# Generated by pub
# See https://dart.dev/tools/pub/glossary#lockfile
packages:
  appflowy_editor:
    dependency: "direct main"
    description:
      name: appflowy_editor
      sha256: "4d3c81e1e73c492a5f47a6604c8ddb6e862ef7848a98692950cf8df63c27cca4"
      url: "https://pub.dev"
    source: hosted
    version: "0.0.4"
  args:
    dependency: transitive
    description:
      name: args
      sha256: eef6c46b622e0494a36c5a12d10d77fb4e855501a91c1b9ef9339326e58f0596
      url: "https://pub.dev"
    source: hosted
    version: "2.4.2"
  async:
    dependency: transitive
    description:
      name: async
      sha256: "947bfcf187f74dbc5e146c9eb9c0f10c9f8b30743e341481c1e2ed3ecc18c20c"
      url: "https://pub.dev"
    source: hosted
    version: "2.11.0"
  bitsdojo_window:
    dependency: "direct main"
    description:
      name: bitsdojo_window
      sha256: "88ef7765dafe52d97d7a3684960fb5d003e3151e662c18645c1641c22b873195"
      url: "https://pub.dev"
    source: hosted
    version: "0.1.6"
  bitsdojo_window_linux:
    dependency: transitive
    description:
      name: bitsdojo_window_linux
      sha256: "9519c0614f98be733e0b1b7cb15b827007886f6fe36a4fb62cf3d35b9dd578ab"
      url: "https://pub.dev"
    source: hosted
    version: "0.1.4"
  bitsdojo_window_macos:
    dependency: transitive
    description:
      name: bitsdojo_window_macos
      sha256: f7c5be82e74568c68c5b8449e2c5d8fd12ec195ecd70745a7b9c0f802bb0268f
      url: "https://pub.dev"
    source: hosted
    version: "0.1.4"
  bitsdojo_window_platform_interface:
    dependency: transitive
    description:
      name: bitsdojo_window_platform_interface
      sha256: "65daa015a0c6dba749bdd35a0f092e7a8ba8b0766aa0480eb3ef808086f6e27c"
      url: "https://pub.dev"
    source: hosted
    version: "0.1.2"
  bitsdojo_window_windows:
    dependency: transitive
    description:
      name: bitsdojo_window_windows
      sha256: fa982cf61ede53f483e50b257344a1c250af231a3cdc93a7064dd6dc0d720b68
      url: "https://pub.dev"
    source: hosted
    version: "0.1.6"
  boolean_selector:
    dependency: transitive
    description:
      name: boolean_selector
      sha256: "6cfb5af12253eaf2b368f07bacc5a80d1301a071c73360d746b7f2e32d762c66"
      url: "https://pub.dev"
    source: hosted
    version: "2.1.1"
  characters:
    dependency: transitive
    description:
      name: characters
      sha256: "04a925763edad70e8443c99234dc3328f442e811f1d8fd1a72f1c8ad0f69a605"
      url: "https://pub.dev"
    source: hosted
    version: "1.3.0"
  clock:
    dependency: transitive
    description:
      name: clock
      sha256: cb6d7f03e1de671e34607e909a7213e31d7752be4fb66a86d29fe1eb14bfb5cf
      url: "https://pub.dev"
    source: hosted
    version: "1.1.1"
  collection:
    dependency: transitive
    description:
      name: collection
      sha256: ee67cb0715911d28db6bf4af1026078bd6f0128b07a5f66fb2ed94ec6783c09a
      url: "https://pub.dev"
    source: hosted
    version: "1.18.0"
  csslib:
    dependency: transitive
    description:
      name: csslib
      sha256: "706b5707578e0c1b4b7550f64078f0a0f19dec3f50a178ffae7006b0a9ca58fb"
      url: "https://pub.dev"
    source: hosted
    version: "1.0.0"
  cupertino_icons:
    dependency: "direct main"
    description:
      name: cupertino_icons
      sha256: d57953e10f9f8327ce64a508a355f0b1ec902193f66288e8cb5070e7c47eeb2d
      url: "https://pub.dev"
    source: hosted
    version: "1.0.6"
  dictionaryx:
    dependency: "direct main"
    description:
      name: dictionaryx
      sha256: d61f07f2ed548ece6ea2f36ebcddae30d3947655a907f48a6ddb1b35cb46c942
      url: "https://pub.dev"
    source: hosted
    version: "0.3.5"
  fake_async:
    dependency: transitive
    description:
      name: fake_async
      sha256: "511392330127add0b769b75a987850d136345d9227c6b94c96a04cf4a391bf78"
      url: "https://pub.dev"
    source: hosted
    version: "1.3.1"
  ffi:
    dependency: transitive
    description:
      name: ffi
      sha256: "7bf0adc28a23d395f19f3f1eb21dd7cfd1dd9f8e1c50051c069122e6853bc878"
      url: "https://pub.dev"
    source: hosted
    version: "2.1.0"
  file_picker:
    dependency: "direct main"
    description:
      name: file_picker
      sha256: "4e42aacde3b993c5947467ab640882c56947d9d27342a5b6f2895b23956954a6"
      url: "https://pub.dev"
    source: hosted
    version: "6.1.1"
  flutter:
    dependency: "direct main"
    description: flutter
    source: sdk
    version: "0.0.0"
  flutter_highlight:
    dependency: "direct main"
    description:
      name: flutter_highlight
      sha256: "7b96333867aa07e122e245c033b8ad622e4e3a42a1a2372cbb098a2541d8782c"
      url: "https://pub.dev"
    source: hosted
    version: "0.7.0"
  flutter_highlighter:
    dependency: "direct main"
    description:
      name: flutter_highlighter
      sha256: "93173afd47a9ada53f3176371755e7ea4a1065362763976d06d6adfb4d946e10"
      url: "https://pub.dev"
    source: hosted
    version: "0.1.1"
  flutter_lints:
    dependency: "direct dev"
    description:
      name: flutter_lints
      sha256: e2a421b7e59244faef694ba7b30562e489c2b489866e505074eb005cd7060db7
      url: "https://pub.dev"
    source: hosted
    version: "3.0.1"
  flutter_markdown:
    dependency: "direct main"
    description:
      name: flutter_markdown
      sha256: "30088ce826b5b9cfbf9e8bece34c716c8a59fa54461dcae1e4ac01a94639e762"
      url: "https://pub.dev"
    source: hosted
    version: "0.6.18+3"
  flutter_plugin_android_lifecycle:
    dependency: transitive
    description:
      name: flutter_plugin_android_lifecycle
      sha256: b068ffc46f82a55844acfa4fdbb61fad72fa2aef0905548419d97f0f95c456da
      url: "https://pub.dev"
    source: hosted
    version: "2.0.17"
  flutter_svg:
    dependency: transitive
    description:
      name: flutter_svg
      sha256: "6ff9fa12892ae074092de2fa6a9938fb21dbabfdaa2ff57dc697ff912fc8d4b2"
      url: "https://pub.dev"
    source: hosted
    version: "1.1.6"
  flutter_test:
    dependency: "direct dev"
    description: flutter
    source: sdk
    version: "0.0.0"
  flutter_web_plugins:
    dependency: transitive
    description: flutter
    source: sdk
    version: "0.0.0"
  font_awesome_flutter:
    dependency: "direct main"
    description:
      name: font_awesome_flutter
      sha256: "275ff26905134bcb59417cf60ad979136f1f8257f2f449914b2c3e05bbb4cd6f"
      url: "https://pub.dev"
    source: hosted
    version: "10.7.0"
  gap:
    dependency: "direct main"
    description:
      name: gap
      sha256: f19387d4e32f849394758b91377f9153a1b41d79513ef7668c088c77dbc6955d
      url: "https://pub.dev"
    source: hosted
    version: "3.0.1"
  google_gemini:
    dependency: "direct main"
    description:
      name: google_gemini
      sha256: a99e14ba2d497ec8e2b4c83e483204709a4ce3ec6c0a6021b3c4a9b2cd671150
      url: "https://pub.dev"
    source: hosted
    version: "0.1.2"
  highlight:
    dependency: transitive
    description:
      name: highlight
      sha256: "5353a83ffe3e3eca7df0abfb72dcf3fa66cc56b953728e7113ad4ad88497cf21"
      url: "https://pub.dev"
    source: hosted
    version: "0.7.0"
  highlighter:
    dependency: transitive
    description:
      name: highlighter
      sha256: "92180c72b9da8758e1acf39a45aa305a97dcfe2fdc8f3d1d2947c23f2772bfbc"
      url: "https://pub.dev"
    source: hosted
    version: "0.1.1"
  html:
    dependency: transitive
    description:
      name: html
      sha256: "3a7812d5bcd2894edf53dfaf8cd640876cf6cef50a8f238745c8b8120ea74d3a"
      url: "https://pub.dev"
    source: hosted
    version: "0.15.4"
  http:
    dependency: "direct main"
    description:
      name: http
      sha256: a2bbf9d017fcced29139daa8ed2bba4ece450ab222871df93ca9eec6f80c34ba
      url: "https://pub.dev"
    source: hosted
    version: "1.2.0"
  http_parser:
    dependency: transitive
    description:
      name: http_parser
      sha256: "2aa08ce0341cc9b354a498388e30986515406668dbcc4f7c950c3e715496693b"
      url: "https://pub.dev"
    source: hosted
    version: "4.0.2"
  iconsax:
    dependency: "direct main"
    description:
      name: iconsax
      sha256: fb0144c61f41f3f8a385fadc27783ea9f5359670be885ed7f35cef32565d5228
      url: "https://pub.dev"
    source: hosted
    version: "0.0.8"
  intl:
    dependency: "direct main"
    description:
      name: intl
      sha256: d6f56758b7d3014a48af9701c085700aac781a92a87a62b1333b46d8879661cf
      url: "https://pub.dev"
    source: hosted
    version: "0.19.0"
  js:
    dependency: transitive
    description:
      name: js
      sha256: f2c445dce49627136094980615a031419f7f3eb393237e4ecd97ac15dea343f3
      url: "https://pub.dev"
    source: hosted
    version: "0.6.7"
  lints:
    dependency: transitive
    description:
      name: lints
      sha256: cbf8d4b858bb0134ef3ef87841abdf8d63bfc255c266b7bf6b39daa1085c4290
      url: "https://pub.dev"
    source: hosted
    version: "3.0.0"
  logging:
    dependency: transitive
    description:
      name: logging
      sha256: "623a88c9594aa774443aa3eb2d41807a48486b5613e67599fb4c41c0ad47c340"
      url: "https://pub.dev"
    source: hosted
    version: "1.2.0"
  markdown:
    dependency: transitive
    description:
      name: markdown
      sha256: "1b134d9f8ff2da15cb298efe6cd8b7d2a78958c1b00384ebcbdf13fe340a6c90"
      url: "https://pub.dev"
    source: hosted
    version: "7.2.1"
  matcher:
    dependency: transitive
    description:
      name: matcher
      sha256: "1803e76e6653768d64ed8ff2e1e67bea3ad4b923eb5c56a295c3e634bad5960e"
      url: "https://pub.dev"
    source: hosted
    version: "0.12.16"
  material_color_utilities:
    dependency: transitive
    description:
      name: material_color_utilities
      sha256: "9528f2f296073ff54cb9fee677df673ace1218163c3bc7628093e7eed5203d41"
      url: "https://pub.dev"
    source: hosted
    version: "0.5.0"
  meta:
    dependency: transitive
    description:
      name: meta
      sha256: a6e590c838b18133bb482a2745ad77c5bb7715fb0451209e1a7567d416678b8e
      url: "https://pub.dev"
    source: hosted
    version: "1.10.0"
  nested:
    dependency: transitive
    description:
      name: nested
      sha256: "03bac4c528c64c95c722ec99280375a6f2fc708eec17c7b3f07253b626cd2a20"
      url: "https://pub.dev"
    source: hosted
    version: "1.0.0"
  path:
    dependency: transitive
    description:
      name: path
      sha256: "8829d8a55c13fc0e37127c29fedf290c102f4e40ae94ada574091fe0ff96c917"
      url: "https://pub.dev"
    source: hosted
    version: "1.8.3"
  path_drawing:
    dependency: transitive
    description:
      name: path_drawing
      sha256: bbb1934c0cbb03091af082a6389ca2080345291ef07a5fa6d6e078ba8682f977
      url: "https://pub.dev"
    source: hosted
    version: "1.0.1"
  path_parsing:
    dependency: transitive
    description:
      name: path_parsing
      sha256: e3e67b1629e6f7e8100b367d3db6ba6af4b1f0bb80f64db18ef1fbabd2fa9ccf
      url: "https://pub.dev"
    source: hosted
    version: "1.0.1"
  petitparser:
    dependency: transitive
    description:
      name: petitparser
      sha256: c15605cd28af66339f8eb6fbe0e541bfe2d1b72d5825efc6598f3e0a31b9ad27
      url: "https://pub.dev"
    source: hosted
    version: "6.0.2"
  plugin_platform_interface:
    dependency: transitive
    description:
      name: plugin_platform_interface
      sha256: "4820fbfdb9478b1ebae27888254d445073732dae3d6ea81f0b7e06d5dedc3f02"
      url: "https://pub.dev"
    source: hosted
    version: "2.1.8"
  provider:
    dependency: transitive
    description:
      name: provider
      sha256: "9a96a0a19b594dbc5bf0f1f27d2bc67d5f95957359b461cd9feb44ed6ae75096"
      url: "https://pub.dev"
    source: hosted
    version: "6.1.1"
  rich_clipboard:
    dependency: transitive
    description:
      name: rich_clipboard
      sha256: "48bfc84a0d3eeec5692b3afd0277aa658a7c95d1dbda72bb623188fba6a8e253"
      url: "https://pub.dev"
    source: hosted
    version: "1.0.1"
  rich_clipboard_android:
    dependency: transitive
    description:
      name: rich_clipboard_android
      sha256: "72725b248d5359a7ad6db2fea5aef921015ba9a00af275cbce3721a4fef20356"
      url: "https://pub.dev"
    source: hosted
    version: "1.0.1"
  rich_clipboard_ios:
    dependency: transitive
    description:
      name: rich_clipboard_ios
      sha256: "9d6bc037463b1b24cb14ae35ee9d7530bd6b2bdb15b30909fb47a1af01bf3233"
      url: "https://pub.dev"
    source: hosted
    version: "1.0.0"
  rich_clipboard_linux:
    dependency: transitive
    description:
      name: rich_clipboard_linux
      sha256: "0d0ab273afd60cb7314d01fdf3994fa01be2be79528f448241d9d70ea19b3db9"
      url: "https://pub.dev"
    source: hosted
    version: "1.0.1"
  rich_clipboard_macos:
    dependency: transitive
    description:
      name: rich_clipboard_macos
      sha256: "1aeb409e267576baaced347549e42dabc59895b10b2e09dabd9f753f469deb3e"
      url: "https://pub.dev"
    source: hosted
    version: "1.0.1"
  rich_clipboard_platform_interface:
    dependency: transitive
    description:
      name: rich_clipboard_platform_interface
      sha256: a1cbf255719cd4e340d33eca02b619d9ffb9cb571f1905e80b9345d4266e893d
      url: "https://pub.dev"
    source: hosted
    version: "1.0.0"
  rich_clipboard_web:
    dependency: transitive
    description:
      name: rich_clipboard_web
      sha256: c1dd2b75b8ce83fed0027828900bbfd5c33c0f8ff22efb266931db5aa7acffa0
      url: "https://pub.dev"
    source: hosted
    version: "1.0.2"
  rich_clipboard_windows:
    dependency: transitive
    description:
      name: rich_clipboard_windows
      sha256: "633198bcd74642bb03c4a628c7e350ee18bb391cd8c6132152f7c97ab250e901"
      url: "https://pub.dev"
    source: hosted
    version: "1.0.3"
  screen_retriever:
    dependency: transitive
    description:
      name: screen_retriever
      sha256: "6ee02c8a1158e6dae7ca430da79436e3b1c9563c8cf02f524af997c201ac2b90"
      url: "https://pub.dev"
    source: hosted
    version: "0.1.9"
  sky_engine:
    dependency: transitive
    description: flutter
    source: sdk
    version: "0.0.99"
  source_span:
    dependency: transitive
    description:
      name: source_span
      sha256: "53e943d4206a5e30df338fd4c6e7a077e02254531b138a15aec3bd143c1a8b3c"
      url: "https://pub.dev"
    source: hosted
    version: "1.10.0"
  stack_trace:
    dependency: transitive
    description:
      name: stack_trace
      sha256: "73713990125a6d93122541237550ee3352a2d84baad52d375a4cad2eb9b7ce0b"
      url: "https://pub.dev"
    source: hosted
    version: "1.11.1"
  stream_channel:
    dependency: transitive
    description:
      name: stream_channel
      sha256: ba2aa5d8cc609d96bbb2899c28934f9e1af5cddbd60a827822ea467161eb54e7
      url: "https://pub.dev"
    source: hosted
    version: "2.1.2"
  string_scanner:
    dependency: transitive
    description:
      name: string_scanner
      sha256: "556692adab6cfa87322a115640c11f13cb77b3f076ddcc5d6ae3c20242bedcde"
      url: "https://pub.dev"
    source: hosted
    version: "1.2.0"
  term_glyph:
    dependency: transitive
    description:
      name: term_glyph
      sha256: a29248a84fbb7c79282b40b8c72a1209db169a2e0542bce341da992fe1bc7e84
      url: "https://pub.dev"
    source: hosted
    version: "1.2.1"
  test_api:
    dependency: transitive
    description:
      name: test_api
      sha256: "5c2f730018264d276c20e4f1503fd1308dfbbae39ec8ee63c5236311ac06954b"
      url: "https://pub.dev"
    source: hosted
    version: "0.6.1"
  typed_data:
    dependency: transitive
    description:
      name: typed_data
      sha256: facc8d6582f16042dd49f2463ff1bd6e2c9ef9f3d5da3d9b087e244a7b564b3c
      url: "https://pub.dev"
    source: hosted
    version: "1.3.2"
  url_launcher:
    dependency: transitive
    description:
      name: url_launcher
      sha256: c512655380d241a337521703af62d2c122bf7b77a46ff7dd750092aa9433499c
      url: "https://pub.dev"
    source: hosted
    version: "6.2.4"
  url_launcher_android:
    dependency: transitive
    description:
      name: url_launcher_android
      sha256: "507dc655b1d9cb5ebc756032eb785f114e415f91557b73bf60b7e201dfedeb2f"
      url: "https://pub.dev"
    source: hosted
    version: "6.2.2"
  url_launcher_ios:
    dependency: transitive
    description:
      name: url_launcher_ios
      sha256: "75bb6fe3f60070407704282a2d295630cab232991eb52542b18347a8a941df03"
      url: "https://pub.dev"
    source: hosted
    version: "6.2.4"
  url_launcher_linux:
    dependency: transitive
    description:
      name: url_launcher_linux
      sha256: ab360eb661f8879369acac07b6bb3ff09d9471155357da8443fd5d3cf7363811
      url: "https://pub.dev"
    source: hosted
    version: "3.1.1"
  url_launcher_macos:
    dependency: transitive
    description:
      name: url_launcher_macos
      sha256: b7244901ea3cf489c5335bdacda07264a6e960b1c1b1a9f91e4bc371d9e68234
      url: "https://pub.dev"
    source: hosted
    version: "3.1.0"
  url_launcher_platform_interface:
    dependency: transitive
    description:
      name: url_launcher_platform_interface
      sha256: a932c3a8082e118f80a475ce692fde89dc20fddb24c57360b96bc56f7035de1f
      url: "https://pub.dev"
    source: hosted
    version: "2.3.1"
  url_launcher_web:
    dependency: transitive
    description:
      name: url_launcher_web
      sha256: fff0932192afeedf63cdd50ecbb1bc825d31aed259f02bb8dba0f3b729a5e88b
      url: "https://pub.dev"
    source: hosted
    version: "2.2.3"
  url_launcher_windows:
    dependency: transitive
    description:
      name: url_launcher_windows
      sha256: ecf9725510600aa2bb6d7ddabe16357691b6d2805f66216a97d1b881e21beff7
      url: "https://pub.dev"
    source: hosted
    version: "3.1.1"
  vector_math:
    dependency: transitive
    description:
      name: vector_math
      sha256: "80b3257d1492ce4d091729e3a67a60407d227c27241d6927be0130c98e741803"
      url: "https://pub.dev"
    source: hosted
    version: "2.1.4"
  web:
    dependency: transitive
    description:
      name: web
      sha256: afe077240a270dcfd2aafe77602b4113645af95d0ad31128cc02bce5ac5d5152
      url: "https://pub.dev"
    source: hosted
    version: "0.3.0"
  win32:
    dependency: transitive
    description:
      name: win32
      sha256: "464f5674532865248444b4c3daca12bd9bf2d7c47f759ce2617986e7229494a8"
      url: "https://pub.dev"
    source: hosted
    version: "5.2.0"
  window_manager:
    dependency: "direct main"
    description:
      name: window_manager
      sha256: b3c895bdf936c77b83c5254bec2e6b3f066710c1f89c38b20b8acc382b525494
      url: "https://pub.dev"
    source: hosted
    version: "0.3.8"
  xml:
    dependency: transitive
    description:
      name: xml
      sha256: b015a8ad1c488f66851d762d3090a21c600e479dc75e68328c52774040cf9226
      url: "https://pub.dev"
    source: hosted
    version: "6.5.0"
sdks:
  dart: ">=3.2.5 <4.0.0"
  flutter: ">=3.16.0"
